{
  "name": "ForwardAppMobile",
  "version": "unspecified",
  "lockfileVersion": 3,
  "requires": true,
  "packages": {
    "": {
      "name": "ForwardAppMobile",
      "version": "unspecified",
      "workspaces": [
        "packages/ForwardAppMobile-packages-shared",
        "packages/ForwardAppMobile-packages-shared-test",
        "packages_imported/Kotlin-DateTime-library-kotlinx-datetime/0.6.1"
      ],
      "devDependencies": {}
    },
    "node_modules/@cashapp/sqldelight-sqljs-worker": {
      "version": "2.0.2",
      "resolved": "https://registry.npmjs.org/@cashapp/sqldelight-sqljs-worker/-/sqldelight-sqljs-worker-2.0.2.tgz",
      "integrity": "sha512-jmk1Tnkwknu4eG/6hbetWf4Z+s/bPfvC9GWdW+uMXPsHNWSxX4ZyPMVdJnH0Jzi4Qrohc7Pby01HX+UdTIevow==",
      "peerDependencies": {
        "sql.js": "^1.8.0"
      }
    },
    "node_modules/@js-joda/core": {
      "version": "3.2.0",
      "resolved": "https://registry.npmjs.org/@js-joda/core/-/core-3.2.0.tgz",
      "integrity": "sha512-PMqgJ0sw5B7FKb2d5bWYIoxjri+QlW/Pys7+Rw82jSH0QN3rB05jZ/VrrsUdh1w4+i2kw9JOejXGq/KhDOX7Kg=="
    },
    "node_modules/format-util": {
      "version": "1.0.5",
      "resolved": "https://registry.npmjs.org/format-util/-/format-util-1.0.5.tgz",
      "integrity": "sha512-varLbTj0e0yVyRpqQhuWV+8hlePAgaoFRhNFj50BNjEIrw1/DphHSObtqwskVCPWNgzwPoQrZAbfa/SBiicNeg=="
    },
    "node_modules/ForwardAppMobile-packages-shared": {
      "resolved": "packages/ForwardAppMobile-packages-shared",
      "link": true
    },
    "node_modules/Kotlin-DateTime-library-kotlinx-datetime": {
      "resolved": "packages_imported/Kotlin-DateTime-library-kotlinx-datetime/0.6.1",
      "link": true
    },
    "node_modules/sql.js": {
      "version": "1.8.0",
      "resolved": "https://registry.npmjs.org/sql.js/-/sql.js-1.8.0.tgz",
      "integrity": "sha512-3HD8pSkZL+5YvYUI8nlvNILs61ALqq34xgmF+BHpqxe68yZIJ1H+sIVIODvni25+CcxHUxDyrTJUL0lE/m7afw=="
    },
    "node_modules/typescript": {
      "version": "5.5.4",
      "resolved": "https://registry.npmjs.org/typescript/-/typescript-5.5.4.tgz",
      "integrity": "sha512-Mtq29sKDAEYP7aljRgtPOpTvOfbwRWlS6dPRzwjdE+C0R4brX/GUyhHSecbHMFLNBLcJIPt9nl9yG5TZ1weH+Q==",
      "dev": true,
      "bin": {
        "tsc": "bin/tsc",
        "tsserver": "bin/tsserver"
      },
      "engines": {
        "node": ">=14.17"
      }
    },
    "packages_imported/Kotlin-DateTime-library-kotlinx-datetime/0.6.1": {
      "name": "Kotlin-DateTime-library-kotlinx-datetime",
      "version": "0.6.1",
      "dependencies": {
        "@js-joda/core": "3.2.0",
        "format-util": "^1.0.5"
      },
      "devDependencies": {}
    },
    "packages/ForwardAppMobile-packages-shared": {
      "version": "0.0.0-unspecified",
      "dependencies": {
        "@cashapp/sqldelight-sqljs-worker": "2.0.2",
        "@js-joda/core": "3.2.0",
        "format-util": "^1.0.5",
        "sql.js": "1.8.0"
      },
      "devDependencies": {
        "typescript": "5.5.4"
      }
    },
    "packages/ForwardAppMobile-packages-shared-test": {
      "version": "0.0.0-unspecified",
      "extraneous": true,
      "dependencies": {
        "@js-joda/core": "3.2.0",
        "format-util": "^1.0.5"
      },
      "devDependencies": {
        "kotlin-web-helpers": "2.0.0",
        "mocha": "10.7.3",
        "source-map-support": "0.5.21",
        "typescript": "5.5.4"
      }
    }
  }
}
