{
  "name": "forwardapp-desktop-smoke",
  "lockfileVersion": 3,
  "requires": true,
  "packages": {
    "": {
      "name": "forwardapp-desktop-smoke",
      "dependencies": {
        "@forwardapp/shared-kmp": "file:../../packages/shared-kmp/forwardapp-shared-kmp-0.1.0.tgz"
      }
    },
    "node_modules/@forwardapp/shared-kmp": {
      "version": "0.1.0",
      "resolved": "file:../../packages/shared-kmp/forwardapp-shared-kmp-0.1.0.tgz",
      "integrity": "sha512-vYR3TqMGqQOQVbZbu7Mmo8iZpw7uE/lcvqWrIsM77jhCZSwmUVKSmcVbxsbdTT5vrghKjRXMSTgJ11ym2Xm71Q=="
    }
  }
}
